github.com/daylinmorgan/brain-stem v0.0.0-20230625170425-6a0f80893672 h1:HgmLm9WLSqq01yUYY/u613nfcZZr+GIRtZLpq8SPiXk=
github.com/daylinmorgan/brain-stem v0.0.0-20230625170425-6a0f80893672/go.mod h1:T+J++NHq0zVwC0rwosnYVNj6KstJKsExQfQwTZk9JHI=
github.com/daylinmorgan/brain-stem v0.0.0-20230625190045-49236202d119 h1:aRNDCYAu6kxbUCNRJz+TMStg61SAFK6loOXtP6gDJ6M=
github.com/daylinmorgan/brain-stem v0.0.0-20230625190045-49236202d119/go.mod h1:Yf1l417jJT33gs/A4iJ46COCpO2oEg+X6WszJslVtTU=
github.com/daylinmorgan/brain-stem v0.0.0-20230626135732-d122972845d1 h1:KeHda1y/XuNaUasPTinsgd6U3sx3GHaha4YqyuSpn/M=
github.com/daylinmorgan/brain-stem v0.0.0-20230626135732-d122972845d1/go.mod h1:Yf1l417jJT33gs/A4iJ46COCpO2oEg+X6WszJslVtTU=
