github.com/daylinmorgan/brain-stem v0.0.0-20230626135732-d122972845d1 h1:KeHda1y/XuNaUasPTinsgd6U3sx3GHaha4YqyuSpn/M=
github.com/daylinmorgan/brain-stem v0.0.0-20230626135732-d122972845d1/go.mod h1:Yf1l417jJT33gs/A4iJ46COCpO2oEg+X6WszJslVtTU=
github.com/daylinmorgan/brain-stem v0.0.0-20230629054159-3c2a7f332114 h1:BnSLALBkE0gLS6KIBZyx9HuSjJ8xuz0y6JESp/rpT+M=
github.com/daylinmorgan/brain-stem v0.0.0-20230629054159-3c2a7f332114/go.mod h1:Yf1l417jJT33gs/A4iJ46COCpO2oEg+X6WszJslVtTU=
